
Microsoft Visual Studio Solution File, Format Version 12.00
# Visual Studio Version 16
VisualStudioVersion = 16.0.30611.23
MinimumVisualStudioVersion = 10.0.40219.1
Project("{FAE04EC0-301F-11D3-BF4B-00C04F79EFBC}") = "AccessBankPortal", "AccessBankPortal\AccessBankPortal.csproj", "{A1699A00-0C1D-4784-B023-1205B405F4C7}"
EndProject
Global
	GlobalSection(SolutionConfigurationPlatforms) = preSolution
		Debug|Any CPU = Debug|Any CPU
		Release|Any CPU = Release|Any CPU
	EndGlobalSection
	GlobalSection(ProjectConfigurationPlatforms) = postSolution
		{A1699A00-0C1D-4784-B023-1205B405F4C7}.Debug|Any CPU.ActiveCfg = Debug|Any CPU
		{A1699A00-0C1D-4784-B023-1205B405F4C7}.Debug|Any CPU.Build.0 = Debug|Any CPU
		{A1699A00-0C1D-4784-B023-1205B405F4C7}.Release|Any CPU.ActiveCfg = Release|Any CPU
		{A1699A00-0C1D-4784-B023-1205B405F4C7}.Release|Any CPU.Build.0 = Release|Any CPU
	EndGlobalSection
	GlobalSection(SolutionProperties) = preSolution
		HideSolutionNode = FALSE
	EndGlobalSection
	GlobalSection(ExtensibilityGlobals) = postSolution
		SolutionGuid = {FF120765-D7BF-4398-94D0-CABAC910D494}
	EndGlobalSection
EndGlobal
